
Microsoft Visual Studio Solution File, Format Version 12.00
# Visual Studio Version 16
VisualStudioVersion = 16.0.29709.97
MinimumVisualStudioVersion = 10.0.40219.1
Project("{FAE04EC0-301F-11D3-BF4B-00C04F79EFBC}") = "BlackjackApp", "BlackjackApp.csproj", "{67696A5E-B77D-4FDD-ADB6-30835E43D295}"
EndProject
Global
	GlobalSection(SolutionConfigurationPlatforms) = preSolution
		Debug|Any CPU = Debug|Any CPU
		Release|Any CPU = Release|Any CPU
	EndGlobalSection
	GlobalSection(ProjectConfigurationPlatforms) = postSolution
		{67696A5E-B77D-4FDD-ADB6-30835E43D295}.Debug|Any CPU.ActiveCfg = Debug|Any CPU
		{67696A5E-B77D-4FDD-ADB6-30835E43D295}.Debug|Any CPU.Build.0 = Debug|Any CPU
		{67696A5E-B77D-4FDD-ADB6-30835E43D295}.Release|Any CPU.ActiveCfg = Release|Any CPU
		{67696A5E-B77D-4FDD-ADB6-30835E43D295}.Release|Any CPU.Build.0 = Release|Any CPU
	EndGlobalSection
	GlobalSection(SolutionProperties) = preSolution
		HideSolutionNode = FALSE
	EndGlobalSection
	GlobalSection(ExtensibilityGlobals) = postSolution
		SolutionGuid = {8D121A45-7230-41CD-9E55-CF6E1F29527C}
	EndGlobalSection
EndGlobal
